
Microsoft Visual Studio Solution File, Format Version 12.00
# Visual Studio Version 17
VisualStudioVersion = 17.0.31903.59
MinimumVisualStudioVersion = 10.0.40219.1
Project("{FAE04EC0-301F-11D3-BF4B-00C04F79EFBC}") = "Webwonders.Umbraco.TableEditor", "src\Webwonders.Umbraco.TableEditor.csproj", "{58E1D3D2-BB22-4CD8-A3D1-C4309F93A0D3}"
EndProject
Project("{FAE04EC0-301F-11D3-BF4B-00C04F79EFBC}") = "Webwonders.TableEditor.TestSite", "testsite\Webwonders.TableEditor.TestSite.csproj", "{E5F6A7B8-C9D0-1E2F-3A4B-5C6D7E8F9A0B}"
EndProject
Global
	GlobalSection(SolutionConfigurationPlatforms) = preSolution
		Debug|Any CPU = Debug|Any CPU
		Release|Any CPU = Release|Any CPU
	EndGlobalSection
	GlobalSection(SolutionProperties) = preSolution
		HideSolutionNode = FALSE
	EndGlobalSection
	GlobalSection(ProjectConfigurationPlatforms) = postSolution
		{58E1D3D2-BB22-4CD8-A3D1-C4309F93A0D3}.Debug|Any CPU.ActiveCfg = Debug|Any CPU
		{58E1D3D2-BB22-4CD8-A3D1-C4309F93A0D3}.Debug|Any CPU.Build.0 = Debug|Any CPU
		{58E1D3D2-BB22-4CD8-A3D1-C4309F93A0D3}.Release|Any CPU.ActiveCfg = Release|Any CPU
		{58E1D3D2-BB22-4CD8-A3D1-C4309F93A0D3}.Release|Any CPU.Build.0 = Release|Any CPU
		{E5F6A7B8-C9D0-1E2F-3A4B-5C6D7E8F9A0B}.Debug|Any CPU.ActiveCfg = Debug|Any CPU
		{E5F6A7B8-C9D0-1E2F-3A4B-5C6D7E8F9A0B}.Debug|Any CPU.Build.0 = Debug|Any CPU
		{E5F6A7B8-C9D0-1E2F-3A4B-5C6D7E8F9A0B}.Release|Any CPU.ActiveCfg = Release|Any CPU
		{E5F6A7B8-C9D0-1E2F-3A4B-5C6D7E8F9A0B}.Release|Any CPU.Build.0 = Release|Any CPU
	EndGlobalSection
EndGlobal
